// !$*UTF8*$!
{
	archiveVersion = 1;
	classes = {
	};
	objectVersion = 50;
	objects = {

/* Begin PBXBuildFile section */
		FA540DDD227372A100987EC1 /* AppDelegate.swift in Sources */ = {isa = PBXBuildFile; fileRef = FA540DDC227372A100987EC1 /* AppDelegate.swift */; };
		FA540DE4227372A200987EC1 /* Assets.xcassets in Resources */ = {isa = PBXBuildFile; fileRef = FA540DE3227372A200987EC1 /* Assets.xcassets */; };
		FA540DE7227372A200987EC1 /* LaunchScreen.storyboard in Resources */ = {isa = PBXBuildFile; fileRef = FA540DE5227372A200987EC1 /* LaunchScreen.storyboard */; };
		FA540DF2227372A200987EC1 /* Amaro_Challenge_iOSTests.swift in Sources */ = {isa = PBXBuildFile; fileRef = FA540DF1227372A200987EC1 /* Amaro_Challenge_iOSTests.swift */; };
		FA540E032273740700987EC1 /* UIImageView+Extensions.swift in Sources */ = {isa = PBXBuildFile; fileRef = FA540DFD2273740700987EC1 /* UIImageView+Extensions.swift */; };
		FA540E042273740700987EC1 /* UIViewController+Extensions.swift in Sources */ = {isa = PBXBuildFile; fileRef = FA540DFE2273740700987EC1 /* UIViewController+Extensions.swift */; };
		FA540E052273740700987EC1 /* URLSession+Extensions.swift in Sources */ = {isa = PBXBuildFile; fileRef = FA540DFF2273740700987EC1 /* URLSession+Extensions.swift */; };
		FA540E062273740700987EC1 /* UIApplication+Extensions.swift in Sources */ = {isa = PBXBuildFile; fileRef = FA540E002273740700987EC1 /* UIApplication+Extensions.swift */; };
		FA540E072273740700987EC1 /* UITableView+Extensions.swift in Sources */ = {isa = PBXBuildFile; fileRef = FA540E012273740700987EC1 /* UITableView+Extensions.swift */; };
		FA540E0C2273741200987EC1 /* RequestManager.swift in Sources */ = {isa = PBXBuildFile; fileRef = FA540E0A2273741200987EC1 /* RequestManager.swift */; };
		FA540E0D2273741200987EC1 /* AmaroServiceAPI.swift in Sources */ = {isa = PBXBuildFile; fileRef = FA540E0B2273741200987EC1 /* AmaroServiceAPI.swift */; };
		FA540E102273754900987EC1 /* ProductsResponse.swift in Sources */ = {isa = PBXBuildFile; fileRef = FA540E0F2273754900987EC1 /* ProductsResponse.swift */; };
		FA540E122273755D00987EC1 /* Product.swift in Sources */ = {isa = PBXBuildFile; fileRef = FA540E112273755D00987EC1 /* Product.swift */; };
		FA540E142273756600987EC1 /* Size.swift in Sources */ = {isa = PBXBuildFile; fileRef = FA540E132273756600987EC1 /* Size.swift */; };
		FA540E192273764900987EC1 /* BaseViewController.swift in Sources */ = {isa = PBXBuildFile; fileRef = FA540E162273764400987EC1 /* BaseViewController.swift */; };
		FA540E1A2273764900987EC1 /* CustomActivityIndicator.swift in Sources */ = {isa = PBXBuildFile; fileRef = FA540E172273764400987EC1 /* CustomActivityIndicator.swift */; };
		FA540E1B2273764900987EC1 /* ReusableView.swift in Sources */ = {isa = PBXBuildFile; fileRef = FA540E182273764400987EC1 /* ReusableView.swift */; };
		FA540E1F22737AB200987EC1 /* ProductListViewController.swift in Sources */ = {isa = PBXBuildFile; fileRef = FA540E1D22737AB200987EC1 /* ProductListViewController.swift */; };
		FA540E2022737AB200987EC1 /* ProductListViewController.xib in Resources */ = {isa = PBXBuildFile; fileRef = FA540E1E22737AB200987EC1 /* ProductListViewController.xib */; };
		FA540E2322737B1B00987EC1 /* ProductListViewModel.swift in Sources */ = {isa = PBXBuildFile; fileRef = FA540E2222737B1B00987EC1 /* ProductListViewModel.swift */; };
		FA540E2722737D2A00987EC1 /* ProductCollectionViewCell.swift in Sources */ = {isa = PBXBuildFile; fileRef = FA540E2522737D2A00987EC1 /* ProductCollectionViewCell.swift */; };
		FA540E2822737D2A00987EC1 /* ProductCollectionViewCell.xib in Resources */ = {isa = PBXBuildFile; fileRef = FA540E2622737D2A00987EC1 /* ProductCollectionViewCell.xib */; };
		FAF05424227392D2008F7AE9 /* UIBarButtonItem+Extensions.swift in Sources */ = {isa = PBXBuildFile; fileRef = FAF05423227392D2008F7AE9 /* UIBarButtonItem+Extensions.swift */; };
		FAF05427227394E7008F7AE9 /* ProductDetailViewController.swift in Sources */ = {isa = PBXBuildFile; fileRef = FAF05425227394E7008F7AE9 /* ProductDetailViewController.swift */; };
		FAF05428227394E7008F7AE9 /* ProductDetailViewController.xib in Resources */ = {isa = PBXBuildFile; fileRef = FAF05426227394E7008F7AE9 /* ProductDetailViewController.xib */; };
		FAF0542B22739E94008F7AE9 /* SizeCollectionViewCell.swift in Sources */ = {isa = PBXBuildFile; fileRef = FAF0542922739E94008F7AE9 /* SizeCollectionViewCell.swift */; };
		FAF0542C22739E94008F7AE9 /* SizeCollectionViewCell.xib in Resources */ = {isa = PBXBuildFile; fileRef = FAF0542A22739E94008F7AE9 /* SizeCollectionViewCell.xib */; };
		FAF0542F2273A70F008F7AE9 /* CartManager.swift in Sources */ = {isa = PBXBuildFile; fileRef = FAF0542E2273A70F008F7AE9 /* CartManager.swift */; };
		FAF054312273A86E008F7AE9 /* Array+Extensions.swift in Sources */ = {isa = PBXBuildFile; fileRef = FAF054302273A86E008F7AE9 /* Array+Extensions.swift */; };
		FAF054342273AA39008F7AE9 /* CartListViewController.swift in Sources */ = {isa = PBXBuildFile; fileRef = FAF054322273AA39008F7AE9 /* CartListViewController.swift */; };
		FAF054352273AA39008F7AE9 /* CartListViewController.xib in Resources */ = {isa = PBXBuildFile; fileRef = FAF054332273AA39008F7AE9 /* CartListViewController.xib */; };
		FAF054372273AD81008F7AE9 /* CurrencyProtocol.swift in Sources */ = {isa = PBXBuildFile; fileRef = FAF054362273AD81008F7AE9 /* CurrencyProtocol.swift */; };
		FAF0543A2273B1F2008F7AE9 /* ProductCartTableViewCell.swift in Sources */ = {isa = PBXBuildFile; fileRef = FAF054382273B1F2008F7AE9 /* ProductCartTableViewCell.swift */; };
		FAF0543B2273B1F2008F7AE9 /* ProductCartTableViewCell.xib in Resources */ = {isa = PBXBuildFile; fileRef = FAF054392273B1F2008F7AE9 /* ProductCartTableViewCell.xib */; };
/* End PBXBuildFile section */

/* Begin PBXContainerItemProxy section */
		FA540DEE227372A200987EC1 /* PBXContainerItemProxy */ = {
			isa = PBXContainerItemProxy;
			containerPortal = FA540DD1227372A100987EC1 /* Project object */;
			proxyType = 1;
			remoteGlobalIDString = FA540DD8227372A100987EC1;
			remoteInfo = "Amaro-Challenge-iOS";
		};
/* End PBXContainerItemProxy section */

/* Begin PBXFileReference section */
		FA540DD9227372A100987EC1 /* Amaro-Challenge-iOS.app */ = {isa = PBXFileReference; explicitFileType = wrapper.application; includeInIndex = 0; path = "Amaro-Challenge-iOS.app"; sourceTree = BUILT_PRODUCTS_DIR; };
		FA540DDC227372A100987EC1 /* AppDelegate.swift */ = {isa = PBXFileReference; lastKnownFileType = sourcecode.swift; path = AppDelegate.swift; sourceTree = "<group>"; };
		FA540DE3227372A200987EC1 /* Assets.xcassets */ = {isa = PBXFileReference; lastKnownFileType = folder.assetcatalog; path = Assets.xcassets; sourceTree = "<group>"; };
		FA540DE6227372A200987EC1 /* Base */ = {isa = PBXFileReference; lastKnownFileType = file.storyboard; name = Base; path = Base.lproj/LaunchScreen.storyboard; sourceTree = "<group>"; };
		FA540DE8227372A200987EC1 /* Info.plist */ = {isa = PBXFileReference; lastKnownFileType = text.plist.xml; path = Info.plist; sourceTree = "<group>"; };
		FA540DED227372A200987EC1 /* Amaro-Challenge-iOSTests.xctest */ = {isa = PBXFileReference; explicitFileType = wrapper.cfbundle; includeInIndex = 0; path = "Amaro-Challenge-iOSTests.xctest"; sourceTree = BUILT_PRODUCTS_DIR; };
		FA540DF1227372A200987EC1 /* Amaro_Challenge_iOSTests.swift */ = {isa = PBXFileReference; lastKnownFileType = sourcecode.swift; path = Amaro_Challenge_iOSTests.swift; sourceTree = "<group>"; };
		FA540DF3227372A200987EC1 /* Info.plist */ = {isa = PBXFileReference; lastKnownFileType = text.plist.xml; path = Info.plist; sourceTree = "<group>"; };
		FA540DFD2273740700987EC1 /* UIImageView+Extensions.swift */ = {isa = PBXFileReference; fileEncoding = 4; lastKnownFileType = sourcecode.swift; path = "UIImageView+Extensions.swift"; sourceTree = "<group>"; };
		FA540DFE2273740700987EC1 /* UIViewController+Extensions.swift */ = {isa = PBXFileReference; fileEncoding = 4; lastKnownFileType = sourcecode.swift; path = "UIViewController+Extensions.swift"; sourceTree = "<group>"; };
		FA540DFF2273740700987EC1 /* URLSession+Extensions.swift */ = {isa = PBXFileReference; fileEncoding = 4; lastKnownFileType = sourcecode.swift; path = "URLSession+Extensions.swift"; sourceTree = "<group>"; };
		FA540E002273740700987EC1 /* UIApplication+Extensions.swift */ = {isa = PBXFileReference; fileEncoding = 4; lastKnownFileType = sourcecode.swift; path = "UIApplication+Extensions.swift"; sourceTree = "<group>"; };
		FA540E012273740700987EC1 /* UITableView+Extensions.swift */ = {isa = PBXFileReference; fileEncoding = 4; lastKnownFileType = sourcecode.swift; path = "UITableView+Extensions.swift"; sourceTree = "<group>"; };
		FA540E0A2273741200987EC1 /* RequestManager.swift */ = {isa = PBXFileReference; fileEncoding = 4; lastKnownFileType = sourcecode.swift; path = RequestManager.swift; sourceTree = "<group>"; };
		FA540E0B2273741200987EC1 /* AmaroServiceAPI.swift */ = {isa = PBXFileReference; fileEncoding = 4; lastKnownFileType = sourcecode.swift; path = AmaroServiceAPI.swift; sourceTree = "<group>"; };
		FA540E0F2273754900987EC1 /* ProductsResponse.swift */ = {isa = PBXFileReference; lastKnownFileType = sourcecode.swift; path = ProductsResponse.swift; sourceTree = "<group>"; };
		FA540E112273755D00987EC1 /* Product.swift */ = {isa = PBXFileReference; lastKnownFileType = sourcecode.swift; path = Product.swift; sourceTree = "<group>"; };
		FA540E132273756600987EC1 /* Size.swift */ = {isa = PBXFileReference; lastKnownFileType = sourcecode.swift; path = Size.swift; sourceTree = "<group>"; };
		FA540E162273764400987EC1 /* BaseViewController.swift */ = {isa = PBXFileReference; lastKnownFileType = sourcecode.swift; path = BaseViewController.swift; sourceTree = "<group>"; };
		FA540E172273764400987EC1 /* CustomActivityIndicator.swift */ = {isa = PBXFileReference; lastKnownFileType = sourcecode.swift; path = CustomActivityIndicator.swift; sourceTree = "<group>"; };
		FA540E182273764400987EC1 /* ReusableView.swift */ = {isa = PBXFileReference; lastKnownFileType = sourcecode.swift; path = ReusableView.swift; sourceTree = "<group>"; };
		FA540E1D22737AB200987EC1 /* ProductListViewController.swift */ = {isa = PBXFileReference; lastKnownFileType = sourcecode.swift; path = ProductListViewController.swift; sourceTree = "<group>"; };
		FA540E1E22737AB200987EC1 /* ProductListViewController.xib */ = {isa = PBXFileReference; lastKnownFileType = file.xib; path = ProductListViewController.xib; sourceTree = "<group>"; };
		FA540E2222737B1B00987EC1 /* ProductListViewModel.swift */ = {isa = PBXFileReference; lastKnownFileType = sourcecode.swift; path = ProductListViewModel.swift; sourceTree = "<group>"; };
		FA540E2522737D2A00987EC1 /* ProductCollectionViewCell.swift */ = {isa = PBXFileReference; lastKnownFileType = sourcecode.swift; path = ProductCollectionViewCell.swift; sourceTree = "<group>"; };
		FA540E2622737D2A00987EC1 /* ProductCollectionViewCell.xib */ = {isa = PBXFileReference; lastKnownFileType = file.xib; path = ProductCollectionViewCell.xib; sourceTree = "<group>"; };
		FAF05423227392D2008F7AE9 /* UIBarButtonItem+Extensions.swift */ = {isa = PBXFileReference; lastKnownFileType = sourcecode.swift; path = "UIBarButtonItem+Extensions.swift"; sourceTree = "<group>"; };
		FAF05425227394E7008F7AE9 /* ProductDetailViewController.swift */ = {isa = PBXFileReference; lastKnownFileType = sourcecode.swift; path = ProductDetailViewController.swift; sourceTree = "<group>"; };
		FAF05426227394E7008F7AE9 /* ProductDetailViewController.xib */ = {isa = PBXFileReference; lastKnownFileType = file.xib; path = ProductDetailViewController.xib; sourceTree = "<group>"; };
		FAF0542922739E94008F7AE9 /* SizeCollectionViewCell.swift */ = {isa = PBXFileReference; lastKnownFileType = sourcecode.swift; path = SizeCollectionViewCell.swift; sourceTree = "<group>"; };
		FAF0542A22739E94008F7AE9 /* SizeCollectionViewCell.xib */ = {isa = PBXFileReference; lastKnownFileType = file.xib; path = SizeCollectionViewCell.xib; sourceTree = "<group>"; };
		FAF0542E2273A70F008F7AE9 /* CartManager.swift */ = {isa = PBXFileReference; lastKnownFileType = sourcecode.swift; path = CartManager.swift; sourceTree = "<group>"; };
		FAF054302273A86E008F7AE9 /* Array+Extensions.swift */ = {isa = PBXFileReference; lastKnownFileType = sourcecode.swift; path = "Array+Extensions.swift"; sourceTree = "<group>"; };
		FAF054322273AA39008F7AE9 /* CartListViewController.swift */ = {isa = PBXFileReference; lastKnownFileType = sourcecode.swift; path = CartListViewController.swift; sourceTree = "<group>"; };
		FAF054332273AA39008F7AE9 /* CartListViewController.xib */ = {isa = PBXFileReference; lastKnownFileType = file.xib; path = CartListViewController.xib; sourceTree = "<group>"; };
		FAF054362273AD81008F7AE9 /* CurrencyProtocol.swift */ = {isa = PBXFileReference; fileEncoding = 4; lastKnownFileType = sourcecode.swift; path = CurrencyProtocol.swift; sourceTree = "<group>"; };
		FAF054382273B1F2008F7AE9 /* ProductCartTableViewCell.swift */ = {isa = PBXFileReference; lastKnownFileType = sourcecode.swift; path = ProductCartTableViewCell.swift; sourceTree = "<group>"; };
		FAF054392273B1F2008F7AE9 /* ProductCartTableViewCell.xib */ = {isa = PBXFileReference; lastKnownFileType = file.xib; path = ProductCartTableViewCell.xib; sourceTree = "<group>"; };
/* End PBXFileReference section */

/* Begin PBXFrameworksBuildPhase section */
		FA540DD6227372A100987EC1 /* Frameworks */ = {
			isa = PBXFrameworksBuildPhase;
			buildActionMask = 2147483647;
			files = (
			);
			runOnlyForDeploymentPostprocessing = 0;
		};
		FA540DEA227372A200987EC1 /* Frameworks */ = {
			isa = PBXFrameworksBuildPhase;
			buildActionMask = 2147483647;
			files = (
			);
			runOnlyForDeploymentPostprocessing = 0;
		};
/* End PBXFrameworksBuildPhase section */

/* Begin PBXGroup section */
		FA540DD0227372A100987EC1 = {
			isa = PBXGroup;
			children = (
				FA540DDB227372A100987EC1 /* Amaro-Challenge-iOS */,
				FA540DF0227372A200987EC1 /* Amaro-Challenge-iOSTests */,
				FA540DDA227372A100987EC1 /* Products */,
			);
			sourceTree = "<group>";
		};
		FA540DDA227372A100987EC1 /* Products */ = {
			isa = PBXGroup;
			children = (
				FA540DD9227372A100987EC1 /* Amaro-Challenge-iOS.app */,
				FA540DED227372A200987EC1 /* Amaro-Challenge-iOSTests.xctest */,
			);
			name = Products;
			sourceTree = "<group>";
		};
		FA540DDB227372A100987EC1 /* Amaro-Challenge-iOS */ = {
			isa = PBXGroup;
			children = (
				FA540DDC227372A100987EC1 /* AppDelegate.swift */,
				FA540E092273741200987EC1 /* Networking */,
				FA540DFC2273740700987EC1 /* Extensions */,
				FA540E152273764400987EC1 /* Utils */,
				FA540E0E2273753A00987EC1 /* Models */,
				FA540E2122737B0A00987EC1 /* ViewModels */,
				FA540E1C22737A5700987EC1 /* Controllers */,
				FAF0542D2273A6FA008F7AE9 /* Managers */,
				FA540E2422737D1700987EC1 /* Cells */,
				FA540DE3227372A200987EC1 /* Assets.xcassets */,
				FA540DE5227372A200987EC1 /* LaunchScreen.storyboard */,
				FA540DE8227372A200987EC1 /* Info.plist */,
			);
			path = "Amaro-Challenge-iOS";
			sourceTree = "<group>";
		};
		FA540DF0227372A200987EC1 /* Amaro-Challenge-iOSTests */ = {
			isa = PBXGroup;
			children = (
				FA540DF1227372A200987EC1 /* Amaro_Challenge_iOSTests.swift */,
				FA540DF3227372A200987EC1 /* Info.plist */,
			);
			path = "Amaro-Challenge-iOSTests";
			sourceTree = "<group>";
		};
		FA540DFC2273740700987EC1 /* Extensions */ = {
			isa = PBXGroup;
			children = (
				FA540DFD2273740700987EC1 /* UIImageView+Extensions.swift */,
				FA540DFE2273740700987EC1 /* UIViewController+Extensions.swift */,
				FA540DFF2273740700987EC1 /* URLSession+Extensions.swift */,
				FA540E002273740700987EC1 /* UIApplication+Extensions.swift */,
				FA540E012273740700987EC1 /* UITableView+Extensions.swift */,
				FAF05423227392D2008F7AE9 /* UIBarButtonItem+Extensions.swift */,
				FAF054302273A86E008F7AE9 /* Array+Extensions.swift */,
			);
			path = Extensions;
			sourceTree = "<group>";
		};
		FA540E092273741200987EC1 /* Networking */ = {
			isa = PBXGroup;
			children = (
				FA540E0A2273741200987EC1 /* RequestManager.swift */,
				FA540E0B2273741200987EC1 /* AmaroServiceAPI.swift */,
			);
			path = Networking;
			sourceTree = "<group>";
		};
		FA540E0E2273753A00987EC1 /* Models */ = {
			isa = PBXGroup;
			children = (
				FA540E0F2273754900987EC1 /* ProductsResponse.swift */,
				FA540E112273755D00987EC1 /* Product.swift */,
				FA540E132273756600987EC1 /* Size.swift */,
			);
			path = Models;
			sourceTree = "<group>";
		};
		FA540E152273764400987EC1 /* Utils */ = {
			isa = PBXGroup;
			children = (
				FA540E162273764400987EC1 /* BaseViewController.swift */,
				FA540E172273764400987EC1 /* CustomActivityIndicator.swift */,
				FA540E182273764400987EC1 /* ReusableView.swift */,
				FAF054362273AD81008F7AE9 /* CurrencyProtocol.swift */,
			);
			path = Utils;
			sourceTree = "<group>";
		};
		FA540E1C22737A5700987EC1 /* Controllers */ = {
			isa = PBXGroup;
			children = (
				FA540E1D22737AB200987EC1 /* ProductListViewController.swift */,
				FA540E1E22737AB200987EC1 /* ProductListViewController.xib */,
				FAF05425227394E7008F7AE9 /* ProductDetailViewController.swift */,
				FAF05426227394E7008F7AE9 /* ProductDetailViewController.xib */,
				FAF054322273AA39008F7AE9 /* CartListViewController.swift */,
				FAF054332273AA39008F7AE9 /* CartListViewController.xib */,
			);
			path = Controllers;
			sourceTree = "<group>";
		};
		FA540E2122737B0A00987EC1 /* ViewModels */ = {
			isa = PBXGroup;
			children = (
				FA540E2222737B1B00987EC1 /* ProductListViewModel.swift */,
			);
			path = ViewModels;
			sourceTree = "<group>";
		};
		FA540E2422737D1700987EC1 /* Cells */ = {
			isa = PBXGroup;
			children = (
				FA540E2522737D2A00987EC1 /* ProductCollectionViewCell.swift */,
				FA540E2622737D2A00987EC1 /* ProductCollectionViewCell.xib */,
				FAF0542922739E94008F7AE9 /* SizeCollectionViewCell.swift */,
				FAF0542A22739E94008F7AE9 /* SizeCollectionViewCell.xib */,
				FAF054382273B1F2008F7AE9 /* ProductCartTableViewCell.swift */,
				FAF054392273B1F2008F7AE9 /* ProductCartTableViewCell.xib */,
			);
			path = Cells;
			sourceTree = "<group>";
		};
		FAF0542D2273A6FA008F7AE9 /* Managers */ = {
			isa = PBXGroup;
			children = (
				FAF0542E2273A70F008F7AE9 /* CartManager.swift */,
			);
			path = Managers;
			sourceTree = "<group>";
		};
/* End PBXGroup section */

/* Begin PBXNativeTarget section */
		FA540DD8227372A100987EC1 /* Amaro-Challenge-iOS */ = {
			isa = PBXNativeTarget;
			buildConfigurationList = FA540DF6227372A200987EC1 /* Build configuration list for PBXNativeTarget "Amaro-Challenge-iOS" */;
			buildPhases = (
				FA540DD5227372A100987EC1 /* Sources */,
				FA540DD6227372A100987EC1 /* Frameworks */,
				FA540DD7227372A100987EC1 /* Resources */,
			);
			buildRules = (
			);
			dependencies = (
			);
			name = "Amaro-Challenge-iOS";
			productName = "Amaro-Challenge-iOS";
			productReference = FA540DD9227372A100987EC1 /* Amaro-Challenge-iOS.app */;
			productType = "com.apple.product-type.application";
		};
		FA540DEC227372A200987EC1 /* Amaro-Challenge-iOSTests */ = {
			isa = PBXNativeTarget;
			buildConfigurationList = FA540DF9227372A200987EC1 /* Build configuration list for PBXNativeTarget "Amaro-Challenge-iOSTests" */;
			buildPhases = (
				FA540DE9227372A200987EC1 /* Sources */,
				FA540DEA227372A200987EC1 /* Frameworks */,
				FA540DEB227372A200987EC1 /* Resources */,
			);
			buildRules = (
			);
			dependencies = (
				FA540DEF227372A200987EC1 /* PBXTargetDependency */,
			);
			name = "Amaro-Challenge-iOSTests";
			productName = "Amaro-Challenge-iOSTests";
			productReference = FA540DED227372A200987EC1 /* Amaro-Challenge-iOSTests.xctest */;
			productType = "com.apple.product-type.bundle.unit-test";
		};
/* End PBXNativeTarget section */

/* Begin PBXProject section */
		FA540DD1227372A100987EC1 /* Project object */ = {
			isa = PBXProject;
			attributes = {
				LastSwiftUpdateCheck = 1020;
				LastUpgradeCheck = 1020;
				ORGANIZATIONNAME = "Ricardo Hochman";
				TargetAttributes = {
					FA540DD8227372A100987EC1 = {
						CreatedOnToolsVersion = 10.2.1;
					};
					FA540DEC227372A200987EC1 = {
						CreatedOnToolsVersion = 10.2.1;
						TestTargetID = FA540DD8227372A100987EC1;
					};
				};
			};
			buildConfigurationList = FA540DD4227372A100987EC1 /* Build configuration list for PBXProject "Amaro-Challenge-iOS" */;
			compatibilityVersion = "Xcode 9.3";
			developmentRegion = en;
			hasScannedForEncodings = 0;
			knownRegions = (
				en,
				Base,
			);
			mainGroup = FA540DD0227372A100987EC1;
			productRefGroup = FA540DDA227372A100987EC1 /* Products */;
			projectDirPath = "";
			projectRoot = "";
			targets = (
				FA540DD8227372A100987EC1 /* Amaro-Challenge-iOS */,
				FA540DEC227372A200987EC1 /* Amaro-Challenge-iOSTests */,
			);
		};
/* End PBXProject section */

/* Begin PBXResourcesBuildPhase section */
		FA540DD7227372A100987EC1 /* Resources */ = {
			isa = PBXResourcesBuildPhase;
			buildActionMask = 2147483647;
			files = (
				FA540DE7227372A200987EC1 /* LaunchScreen.storyboard in Resources */,
				FA540E2022737AB200987EC1 /* ProductListViewController.xib in Resources */,
				FAF054352273AA39008F7AE9 /* CartListViewController.xib in Resources */,
				FAF0543B2273B1F2008F7AE9 /* ProductCartTableViewCell.xib in Resources */,
				FA540E2822737D2A00987EC1 /* ProductCollectionViewCell.xib in Resources */,
				FAF05428227394E7008F7AE9 /* ProductDetailViewController.xib in Resources */,
				FA540DE4227372A200987EC1 /* Assets.xcassets in Resources */,
				FAF0542C22739E94008F7AE9 /* SizeCollectionViewCell.xib in Resources */,
			);
			runOnlyForDeploymentPostprocessing = 0;
		};
		FA540DEB227372A200987EC1 /* Resources */ = {
			isa = PBXResourcesBuildPhase;
			buildActionMask = 2147483647;
			files = (
			);
			runOnlyForDeploymentPostprocessing = 0;
		};
/* End PBXResourcesBuildPhase section */

/* Begin PBXSourcesBuildPhase section */
		FA540DD5227372A100987EC1 /* Sources */ = {
			isa = PBXSourcesBuildPhase;
			buildActionMask = 2147483647;
			files = (
				FAF05424227392D2008F7AE9 /* UIBarButtonItem+Extensions.swift in Sources */,
				FAF0542B22739E94008F7AE9 /* SizeCollectionViewCell.swift in Sources */,
				FAF054342273AA39008F7AE9 /* CartListViewController.swift in Sources */,
				FA540E192273764900987EC1 /* BaseViewController.swift in Sources */,
				FAF054312273A86E008F7AE9 /* Array+Extensions.swift in Sources */,
				FA540E102273754900987EC1 /* ProductsResponse.swift in Sources */,
				FAF054372273AD81008F7AE9 /* CurrencyProtocol.swift in Sources */,
				FA540E052273740700987EC1 /* URLSession+Extensions.swift in Sources */,
				FA540E0D2273741200987EC1 /* AmaroServiceAPI.swift in Sources */,
				FA540E072273740700987EC1 /* UITableView+Extensions.swift in Sources */,
				FA540E142273756600987EC1 /* Size.swift in Sources */,
				FA540E1B2273764900987EC1 /* ReusableView.swift in Sources */,
				FA540E1F22737AB200987EC1 /* ProductListViewController.swift in Sources */,
				FA540E042273740700987EC1 /* UIViewController+Extensions.swift in Sources */,
				FA540E122273755D00987EC1 /* Product.swift in Sources */,
				FA540E062273740700987EC1 /* UIApplication+Extensions.swift in Sources */,
				FA540E032273740700987EC1 /* UIImageView+Extensions.swift in Sources */,
				FAF0543A2273B1F2008F7AE9 /* ProductCartTableViewCell.swift in Sources */,
				FA540E0C2273741200987EC1 /* RequestManager.swift in Sources */,
				FA540DDD227372A100987EC1 /* AppDelegate.swift in Sources */,
				FAF0542F2273A70F008F7AE9 /* CartManager.swift in Sources */,
				FA540E2322737B1B00987EC1 /* ProductListViewModel.swift in Sources */,
				FAF05427227394E7008F7AE9 /* ProductDetailViewController.swift in Sources */,
				FA540E2722737D2A00987EC1 /* ProductCollectionViewCell.swift in Sources */,
				FA540E1A2273764900987EC1 /* CustomActivityIndicator.swift in Sources */,
			);
			runOnlyForDeploymentPostprocessing = 0;
		};
		FA540DE9227372A200987EC1 /* Sources */ = {
			isa = PBXSourcesBuildPhase;
			buildActionMask = 2147483647;
			files = (
				FA540DF2227372A200987EC1 /* Amaro_Challenge_iOSTests.swift in Sources */,
			);
			runOnlyForDeploymentPostprocessing = 0;
		};
/* End PBXSourcesBuildPhase section */

/* Begin PBXTargetDependency section */
		FA540DEF227372A200987EC1 /* PBXTargetDependency */ = {
			isa = PBXTargetDependency;
			target = FA540DD8227372A100987EC1 /* Amaro-Challenge-iOS */;
			targetProxy = FA540DEE227372A200987EC1 /* PBXContainerItemProxy */;
		};
/* End PBXTargetDependency section */

/* Begin PBXVariantGroup section */
		FA540DE5227372A200987EC1 /* LaunchScreen.storyboard */ = {
			isa = PBXVariantGroup;
			children = (
				FA540DE6227372A200987EC1 /* Base */,
			);
			name = LaunchScreen.storyboard;
			sourceTree = "<group>";
		};
/* End PBXVariantGroup section */

/* Begin XCBuildConfiguration section */
		FA540DF4227372A200987EC1 /* Debug */ = {
			isa = XCBuildConfiguration;
			buildSettings = {
				ALWAYS_SEARCH_USER_PATHS = NO;
				CLANG_ANALYZER_NONNULL = YES;
				CLANG_ANALYZER_NUMBER_OBJECT_CONVERSION = YES_AGGRESSIVE;
				CLANG_CXX_LANGUAGE_STANDARD = "gnu++14";
				CLANG_CXX_LIBRARY = "libc++";
				CLANG_ENABLE_MODULES = YES;
				CLANG_ENABLE_OBJC_ARC = YES;
				CLANG_ENABLE_OBJC_WEAK = YES;
				CLANG_WARN_BLOCK_CAPTURE_AUTORELEASING = YES;
				CLANG_WARN_BOOL_CONVERSION = YES;
				CLANG_WARN_COMMA = YES;
				CLANG_WARN_CONSTANT_CONVERSION = YES;
				CLANG_WARN_DEPRECATED_OBJC_IMPLEMENTATIONS = YES;
				CLANG_WARN_DIRECT_OBJC_ISA_USAGE = YES_ERROR;
				CLANG_WARN_DOCUMENTATION_COMMENTS = YES;
				CLANG_WARN_EMPTY_BODY = YES;
				CLANG_WARN_ENUM_CONVERSION = YES;
				CLANG_WARN_INFINITE_RECURSION = YES;
				CLANG_WARN_INT_CONVERSION = YES;
				CLANG_WARN_NON_LITERAL_NULL_CONVERSION = YES;
				CLANG_WARN_OBJC_IMPLICIT_RETAIN_SELF = YES;
				CLANG_WARN_OBJC_LITERAL_CONVERSION = YES;
				CLANG_WARN_OBJC_ROOT_CLASS = YES_ERROR;
				CLANG_WARN_RANGE_LOOP_ANALYSIS = YES;
				CLANG_WARN_STRICT_PROTOTYPES = YES;
				CLANG_WARN_SUSPICIOUS_MOVE = YES;
				CLANG_WARN_UNGUARDED_AVAILABILITY = YES_AGGRESSIVE;
				CLANG_WARN_UNREACHABLE_CODE = YES;
				CLANG_WARN__DUPLICATE_METHOD_MATCH = YES;
				CODE_SIGN_IDENTITY = "iPhone Developer";
				COPY_PHASE_STRIP = NO;
				DEBUG_INFORMATION_FORMAT = dwarf;
				ENABLE_STRICT_OBJC_MSGSEND = YES;
				ENABLE_TESTABILITY = YES;
				GCC_C_LANGUAGE_STANDARD = gnu11;
				GCC_DYNAMIC_NO_PIC = NO;
				GCC_NO_COMMON_BLOCKS = YES;
				GCC_OPTIMIZATION_LEVEL = 0;
				GCC_PREPROCESSOR_DEFINITIONS = (
					"DEBUG=1",
					"$(inherited)",
				);
				GCC_WARN_64_TO_32_BIT_CONVERSION = YES;
				GCC_WARN_ABOUT_RETURN_TYPE = YES_ERROR;
				GCC_WARN_UNDECLARED_SELECTOR = YES;
				GCC_WARN_UNINITIALIZED_AUTOS = YES_AGGRESSIVE;
				GCC_WARN_UNUSED_FUNCTION = YES;
				GCC_WARN_UNUSED_VARIABLE = YES;
				IPHONEOS_DEPLOYMENT_TARGET = 12.2;
				MTL_ENABLE_DEBUG_INFO = INCLUDE_SOURCE;
				MTL_FAST_MATH = YES;
				ONLY_ACTIVE_ARCH = YES;
				SDKROOT = iphoneos;
				SWIFT_ACTIVE_COMPILATION_CONDITIONS = DEBUG;
				SWIFT_OPTIMIZATION_LEVEL = "-Onone";
			};
			name = Debug;
		};
		FA540DF5227372A200987EC1 /* Release */ = {
			isa = XCBuildConfiguration;
			buildSettings = {
				ALWAYS_SEARCH_USER_PATHS = NO;
				CLANG_ANALYZER_NONNULL = YES;
				CLANG_ANALYZER_NUMBER_OBJECT_CONVERSION = YES_AGGRESSIVE;
				CLANG_CXX_LANGUAGE_STANDARD = "gnu++14";
				CLANG_CXX_LIBRARY = "libc++";
				CLANG_ENABLE_MODULES = YES;
				CLANG_ENABLE_OBJC_ARC = YES;
				CLANG_ENABLE_OBJC_WEAK = YES;
				CLANG_WARN_BLOCK_CAPTURE_AUTORELEASING = YES;
				CLANG_WARN_BOOL_CONVERSION = YES;
				CLANG_WARN_COMMA = YES;
				CLANG_WARN_CONSTANT_CONVERSION = YES;
				CLANG_WARN_DEPRECATED_OBJC_IMPLEMENTATIONS = YES;
				CLANG_WARN_DIRECT_OBJC_ISA_USAGE = YES_ERROR;
				CLANG_WARN_DOCUMENTATION_COMMENTS = YES;
				CLANG_WARN_EMPTY_BODY = YES;
				CLANG_WARN_ENUM_CONVERSION = YES;
				CLANG_WARN_INFINITE_RECURSION = YES;
				CLANG_WARN_INT_CONVERSION = YES;
				CLANG_WARN_NON_LITERAL_NULL_CONVERSION = YES;
				CLANG_WARN_OBJC_IMPLICIT_RETAIN_SELF = YES;
				CLANG_WARN_OBJC_LITERAL_CONVERSION = YES;
				CLANG_WARN_OBJC_ROOT_CLASS = YES_ERROR;
				CLANG_WARN_RANGE_LOOP_ANALYSIS = YES;
				CLANG_WARN_STRICT_PROTOTYPES = YES;
				CLANG_WARN_SUSPICIOUS_MOVE = YES;
				CLANG_WARN_UNGUARDED_AVAILABILITY = YES_AGGRESSIVE;
				CLANG_WARN_UNREACHABLE_CODE = YES;
				CLANG_WARN__DUPLICATE_METHOD_MATCH = YES;
				CODE_SIGN_IDENTITY = "iPhone Developer";
				COPY_PHASE_STRIP = NO;
				DEBUG_INFORMATION_FORMAT = "dwarf-with-dsym";
				ENABLE_NS_ASSERTIONS = NO;
				ENABLE_STRICT_OBJC_MSGSEND = YES;
				GCC_C_LANGUAGE_STANDARD = gnu11;
				GCC_NO_COMMON_BLOCKS = YES;
				GCC_WARN_64_TO_32_BIT_CONVERSION = YES;
				GCC_WARN_ABOUT_RETURN_TYPE = YES_ERROR;
				GCC_WARN_UNDECLARED_SELECTOR = YES;
				GCC_WARN_UNINITIALIZED_AUTOS = YES_AGGRESSIVE;
				GCC_WARN_UNUSED_FUNCTION = YES;
				GCC_WARN_UNUSED_VARIABLE = YES;
				IPHONEOS_DEPLOYMENT_TARGET = 12.2;
				MTL_ENABLE_DEBUG_INFO = NO;
				MTL_FAST_MATH = YES;
				SDKROOT = iphoneos;
				SWIFT_COMPILATION_MODE = wholemodule;
				SWIFT_OPTIMIZATION_LEVEL = "-O";
				VALIDATE_PRODUCT = YES;
			};
			name = Release;
		};
		FA540DF7227372A200987EC1 /* Debug */ = {
			isa = XCBuildConfiguration;
			buildSettings = {
				ASSETCATALOG_COMPILER_APPICON_NAME = AppIcon;
				CODE_SIGN_STYLE = Automatic;
				DEVELOPMENT_TEAM = KW44L7584U;
				INFOPLIST_FILE = "Amaro-Challenge-iOS/Info.plist";
				LD_RUNPATH_SEARCH_PATHS = (
					"$(inherited)",
					"@executable_path/Frameworks",
				);
				PRODUCT_BUNDLE_IDENTIFIER = "com.ricardohochman.Amaro-Challenge-iOS";
				PRODUCT_NAME = "$(TARGET_NAME)";
				SWIFT_VERSION = 5.0;
				TARGETED_DEVICE_FAMILY = "1,2";
			};
			name = Debug;
		};
		FA540DF8227372A200987EC1 /* Release */ = {
			isa = XCBuildConfiguration;
			buildSettings = {
				ASSETCATALOG_COMPILER_APPICON_NAME = AppIcon;
				CODE_SIGN_STYLE = Automatic;
				DEVELOPMENT_TEAM = KW44L7584U;
				INFOPLIST_FILE = "Amaro-Challenge-iOS/Info.plist";
				LD_RUNPATH_SEARCH_PATHS = (
					"$(inherited)",
					"@executable_path/Frameworks",
				);
				PRODUCT_BUNDLE_IDENTIFIER = "com.ricardohochman.Amaro-Challenge-iOS";
				PRODUCT_NAME = "$(TARGET_NAME)";
				SWIFT_VERSION = 5.0;
				TARGETED_DEVICE_FAMILY = "1,2";
			};
			name = Release;
		};
		FA540DFA227372A200987EC1 /* Debug */ = {
			isa = XCBuildConfiguration;
			buildSettings = {
				ALWAYS_EMBED_SWIFT_STANDARD_LIBRARIES = YES;
				BUNDLE_LOADER = "$(TEST_HOST)";
				CODE_SIGN_STYLE = Automatic;
				DEVELOPMENT_TEAM = KW44L7584U;
				INFOPLIST_FILE = "Amaro-Challenge-iOSTests/Info.plist";
				LD_RUNPATH_SEARCH_PATHS = (
					"$(inherited)",
					"@executable_path/Frameworks",
					"@loader_path/Frameworks",
				);
				PRODUCT_BUNDLE_IDENTIFIER = "com.ricardohochman.Amaro-Challenge-iOSTests";
				PRODUCT_NAME = "$(TARGET_NAME)";
				SWIFT_VERSION = 5.0;
				TARGETED_DEVICE_FAMILY = "1,2";
				TEST_HOST = "$(BUILT_PRODUCTS_DIR)/Amaro-Challenge-iOS.app/Amaro-Challenge-iOS";
			};
			name = Debug;
		};
		FA540DFB227372A200987EC1 /* Release */ = {
			isa = XCBuildConfiguration;
			buildSettings = {
				ALWAYS_EMBED_SWIFT_STANDARD_LIBRARIES = YES;
				BUNDLE_LOADER = "$(TEST_HOST)";
				CODE_SIGN_STYLE = Automatic;
				DEVELOPMENT_TEAM = KW44L7584U;
				INFOPLIST_FILE = "Amaro-Challenge-iOSTests/Info.plist";
				LD_RUNPATH_SEARCH_PATHS = (
					"$(inherited)",
					"@executable_path/Frameworks",
					"@loader_path/Frameworks",
				);
				PRODUCT_BUNDLE_IDENTIFIER = "com.ricardohochman.Amaro-Challenge-iOSTests";
				PRODUCT_NAME = "$(TARGET_NAME)";
				SWIFT_VERSION = 5.0;
				TARGETED_DEVICE_FAMILY = "1,2";
				TEST_HOST = "$(BUILT_PRODUCTS_DIR)/Amaro-Challenge-iOS.app/Amaro-Challenge-iOS";
			};
			name = Release;
		};
/* End XCBuildConfiguration section */

/* Begin XCConfigurationList section */
		FA540DD4227372A100987EC1 /* Build configuration list for PBXProject "Amaro-Challenge-iOS" */ = {
			isa = XCConfigurationList;
			buildConfigurations = (
				FA540DF4227372A200987EC1 /* Debug */,
				FA540DF5227372A200987EC1 /* Release */,
			);
			defaultConfigurationIsVisible = 0;
			defaultConfigurationName = Release;
		};
		FA540DF6227372A200987EC1 /* Build configuration list for PBXNativeTarget "Amaro-Challenge-iOS" */ = {
			isa = XCConfigurationList;
			buildConfigurations = (
				FA540DF7227372A200987EC1 /* Debug */,
				FA540DF8227372A200987EC1 /* Release */,
			);
			defaultConfigurationIsVisible = 0;
			defaultConfigurationName = Release;
		};
		FA540DF9227372A200987EC1 /* Build configuration list for PBXNativeTarget "Amaro-Challenge-iOSTests" */ = {
			isa = XCConfigurationList;
			buildConfigurations = (
				FA540DFA227372A200987EC1 /* Debug */,
				FA540DFB227372A200987EC1 /* Release */,
			);
			defaultConfigurationIsVisible = 0;
			defaultConfigurationName = Release;
		};
/* End XCConfigurationList section */
	};
	rootObject = FA540DD1227372A100987EC1 /* Project object */;
}
